// !$*UTF8*$!
{
	archiveVersion = 1;
	classes = {
	};
	objectVersion = 77;
	objects = {

/* Begin PBXBuildFile section */
		5012DA542E17DE31007498F7 /* PortfolioWatch Watch App.app in Embed Watch Content */ = {isa = PBXBuildFile; fileRef = 5012DA4A2E17DE30007498F7 /* PortfolioWatch Watch App.app */; platformFilter = ios; settings = {ATTRIBUTES = (RemoveHeadersOnCopy, ); }; };
		50FE7DE22E16B9F300D7BF31 /* WidgetKit.framework in Frameworks */ = {isa = PBXBuildFile; fileRef = 50FE7DE12E16B9F300D7BF31 /* WidgetKit.framework */; };
		50FE7DE42E16B9F300D7BF31 /* SwiftUI.framework in Frameworks */ = {isa = PBXBuildFile; fileRef = 50FE7DE32E16B9F300D7BF31 /* SwiftUI.framework */; };
		50FE7DF52E16B9F500D7BF31 /* PortfolioWidgetExtension.appex in Embed Foundation Extensions */ = {isa = PBXBuildFile; fileRef = 50FE7DDF2E16B9F300D7BF31 /* PortfolioWidgetExtension.appex */; platformFilter = ios; settings = {ATTRIBUTES = (RemoveHeadersOnCopy, ); }; };
		50FE7E0D2E17266E00D7BF31 /* WidgetKit.framework in Frameworks */ = {isa = PBXBuildFile; fileRef = 50FE7DE12E16B9F300D7BF31 /* WidgetKit.framework */; };
		50FE7E0E2E17266E00D7BF31 /* SwiftUI.framework in Frameworks */ = {isa = PBXBuildFile; fileRef = 50FE7DE32E16B9F300D7BF31 /* SwiftUI.framework */; };
		50FE7E1D2E17267000D7BF31 /* PortfolioWidgetMacExtension.appex in Embed Foundation Extensions */ = {isa = PBXBuildFile; fileRef = 50FE7E0C2E17266E00D7BF31 /* PortfolioWidgetMacExtension.appex */; platformFilters = (macos, ); settings = {ATTRIBUTES = (RemoveHeadersOnCopy, ); }; };
/* End PBXBuildFile section */

/* Begin PBXContainerItemProxy section */
		5012DA522E17DE31007498F7 /* PBXContainerItemProxy */ = {
			isa = PBXContainerItemProxy;
			containerPortal = 50CD40A12E0B2ACC00A17AEF /* Project object */;
			proxyType = 1;
			remoteGlobalIDString = 5012DA492E17DE30007498F7;
			remoteInfo = "PortfolioWatch Watch App";
		};
		50C32F712E13CED5004C9F3F /* PBXContainerItemProxy */ = {
			isa = PBXContainerItemProxy;
			containerPortal = 50CD40A12E0B2ACC00A17AEF /* Project object */;
			proxyType = 1;
			remoteGlobalIDString = 50CD40A82E0B2ACC00A17AEF;
			remoteInfo = UltimatePortfolio;
		};
		50C32F9D2E14305E004C9F3F /* PBXContainerItemProxy */ = {
			isa = PBXContainerItemProxy;
			containerPortal = 50CD40A12E0B2ACC00A17AEF /* Project object */;
			proxyType = 1;
			remoteGlobalIDString = 50CD40A82E0B2ACC00A17AEF;
			remoteInfo = UltimatePortfolio;
		};
		50FE7DF32E16B9F500D7BF31 /* PBXContainerItemProxy */ = {
			isa = PBXContainerItemProxy;
			containerPortal = 50CD40A12E0B2ACC00A17AEF /* Project object */;
			proxyType = 1;
			remoteGlobalIDString = 50FE7DDE2E16B9F300D7BF31;
			remoteInfo = PortfolioWidgetExtension;
		};
		50FE7E1B2E17267000D7BF31 /* PBXContainerItemProxy */ = {
			isa = PBXContainerItemProxy;
			containerPortal = 50CD40A12E0B2ACC00A17AEF /* Project object */;
			proxyType = 1;
			remoteGlobalIDString = 50FE7E0B2E17266E00D7BF31;
			remoteInfo = PortfolioWidgetMacExtension;
		};
/* End PBXContainerItemProxy section */

/* Begin PBXCopyFilesBuildPhase section */
		5012DA552E17DE31007498F7 /* Embed Watch Content */ = {
			isa = PBXCopyFilesBuildPhase;
			buildActionMask = 2147483647;
			dstPath = "$(CONTENTS_FOLDER_PATH)/Watch";
			dstSubfolderSpec = 16;
			files = (
				5012DA542E17DE31007498F7 /* PortfolioWatch Watch App.app in Embed Watch Content */,
			);
			name = "Embed Watch Content";
			runOnlyForDeploymentPostprocessing = 0;
		};
		50FE7DFA2E16B9F500D7BF31 /* Embed Foundation Extensions */ = {
			isa = PBXCopyFilesBuildPhase;
			buildActionMask = 2147483647;
			dstPath = "";
			dstSubfolderSpec = 13;
			files = (
				50FE7DF52E16B9F500D7BF31 /* PortfolioWidgetExtension.appex in Embed Foundation Extensions */,
				50FE7E1D2E17267000D7BF31 /* PortfolioWidgetMacExtension.appex in Embed Foundation Extensions */,
			);
			name = "Embed Foundation Extensions";
			runOnlyForDeploymentPostprocessing = 0;
		};
/* End PBXCopyFilesBuildPhase section */

/* Begin PBXFileReference section */
		5012DA4A2E17DE30007498F7 /* PortfolioWatch Watch App.app */ = {isa = PBXFileReference; explicitFileType = wrapper.application; includeInIndex = 0; path = "PortfolioWatch Watch App.app"; sourceTree = BUILT_PRODUCTS_DIR; };
		50C32F6D2E13CED5004C9F3F /* UltimatePortfolioTests.xctest */ = {isa = PBXFileReference; explicitFileType = wrapper.cfbundle; includeInIndex = 0; path = UltimatePortfolioTests.xctest; sourceTree = BUILT_PRODUCTS_DIR; };
		50C32F972E14305E004C9F3F /* UltimatePortfolioUITests.xctest */ = {isa = PBXFileReference; explicitFileType = wrapper.cfbundle; includeInIndex = 0; path = UltimatePortfolioUITests.xctest; sourceTree = BUILT_PRODUCTS_DIR; };
		50CD40A92E0B2ACC00A17AEF /* UltimatePortfolio.app */ = {isa = PBXFileReference; explicitFileType = wrapper.application; includeInIndex = 0; path = UltimatePortfolio.app; sourceTree = BUILT_PRODUCTS_DIR; };
		50FE7DDF2E16B9F300D7BF31 /* PortfolioWidgetExtension.appex */ = {isa = PBXFileReference; explicitFileType = "wrapper.app-extension"; includeInIndex = 0; path = PortfolioWidgetExtension.appex; sourceTree = BUILT_PRODUCTS_DIR; };
		50FE7DE12E16B9F300D7BF31 /* WidgetKit.framework */ = {isa = PBXFileReference; lastKnownFileType = wrapper.framework; name = WidgetKit.framework; path = System/Library/Frameworks/WidgetKit.framework; sourceTree = SDKROOT; };
		50FE7DE32E16B9F300D7BF31 /* SwiftUI.framework */ = {isa = PBXFileReference; lastKnownFileType = wrapper.framework; name = SwiftUI.framework; path = System/Library/Frameworks/SwiftUI.framework; sourceTree = SDKROOT; };
		50FE7DFE2E16BAA000D7BF31 /* PortfolioWidgetExtension.entitlements */ = {isa = PBXFileReference; lastKnownFileType = text.plist.entitlements; path = PortfolioWidgetExtension.entitlements; sourceTree = "<group>"; };
		50FE7E0C2E17266E00D7BF31 /* PortfolioWidgetMacExtension.appex */ = {isa = PBXFileReference; explicitFileType = "wrapper.app-extension"; includeInIndex = 0; path = PortfolioWidgetMacExtension.appex; sourceTree = BUILT_PRODUCTS_DIR; };
		50FE7E2D2E17284000D7BF31 /* PortfolioWidgetMacExtension.entitlements */ = {isa = PBXFileReference; lastKnownFileType = text.plist.entitlements; path = PortfolioWidgetMacExtension.entitlements; sourceTree = "<group>"; };
/* End PBXFileReference section */

/* Begin PBXFileSystemSynchronizedBuildFileExceptionSet section */
		5012DA792E17DE91007498F7 /* Exceptions for "UltimatePortfolio" folder in "PortfolioWatch Watch App" target */ = {
			isa = PBXFileSystemSynchronizedBuildFileExceptionSet;
			membershipExceptions = (
				"/Localized: Awards/Awards.json",
				AppDelegate.swift,
				Awards/Award.swift,
				Awards/AwardsView.swift,
				Configuration/Main.xcdatamodeld,
				"DataController-Awards.swift",
				"DataController-Reminders.swift",
				"DataController-StoreKit.swift",
				"DataController-Testing.swift",
				DataController.swift,
				Editing/AddIssueIntent.swift,
				Editing/DetailView.swift,
				Editing/IssueView.swift,
				Editing/IssueViewToolbar.swift,
				Editing/NoIssueView.swift,
				Editing/TagsMenuView.swift,
				"Extensions/Bundle-Decodable.swift",
				"Extensions/Issue-CoreDataHelpers.swift",
				"Extensions/Tag-CoreDataHelpers.swift",
				Extensions/ToolbarItemPlacement.swift,
				"Extensions/View-Extensions.swift",
				Filters/Filter.swift,
				Filters/SidebarView.swift,
				Filters/SIdebarViewModel.swift,
				Filters/SidebarViewToolbar.swift,
				Filters/SmartFilterRow.swift,
				Filters/UserFilterRow.swift,
				Issues/ContentView.swift,
				Issues/ContentViewModel.swift,
				Issues/ContentViewToolbar.swift,
				Issues/IssueRow.swift,
				Issues/IssueRowViewModel.swift,
				Issues/IssueRowWatch.swift,
				Localizable.xcstrings,
				SceneDelegate.swift,
				ShortcutsProvider.swift,
				Store/StoreView.swift,
				UltimatePortfolioApp.swift,
			);
			target = 5012DA492E17DE30007498F7 /* PortfolioWatch Watch App */;
		};
		507AC8542E0B335E00FD29F8 /* Exceptions for "UltimatePortfolio" folder in "UltimatePortfolio" target */ = {
			isa = PBXFileSystemSynchronizedBuildFileExceptionSet;
			membershipExceptions = (
				Configuration/Info.plist,
			);
			target = 50CD40A82E0B2ACC00A17AEF /* UltimatePortfolio */;
		};
		50FE7DF92E16B9F500D7BF31 /* Exceptions for "PortfolioWidget" folder in "PortfolioWidgetExtension" target */ = {
			isa = PBXFileSystemSynchronizedBuildFileExceptionSet;
			membershipExceptions = (
				Info.plist,
			);
			target = 50FE7DDE2E16B9F300D7BF31 /* PortfolioWidgetExtension */;
		};
		50FE7DFC2E16BA4900D7BF31 /* Exceptions for "UltimatePortfolio" folder in "PortfolioWidgetExtension" target */ = {
			isa = PBXFileSystemSynchronizedBuildFileExceptionSet;
			membershipExceptions = (
				Configuration/Main.xcdatamodeld,
				"DataController-StoreKit.swift",
				"DataController-Testing.swift",
				DataController.swift,
				"Extensions/Issue-CoreDataHelpers.swift",
				"Extensions/Tag-CoreDataHelpers.swift",
				Extensions/ToolbarItemPlacement.swift,
				Filters/Filter.swift,
				Localizable.xcstrings,
			);
			target = 50FE7DDE2E16B9F300D7BF31 /* PortfolioWidgetExtension */;
		};
		50FE7E212E17267000D7BF31 /* Exceptions for "PortfolioWidgetMac" folder in "PortfolioWidgetMacExtension" target */ = {
			isa = PBXFileSystemSynchronizedBuildFileExceptionSet;
			membershipExceptions = (
				Info.plist,
			);
			target = 50FE7E0B2E17266E00D7BF31 /* PortfolioWidgetMacExtension */;
		};
		50FE7E292E17269200D7BF31 /* Exceptions for "PortfolioWidget" folder in "PortfolioWidgetMacExtension" target */ = {
			isa = PBXFileSystemSynchronizedBuildFileExceptionSet;
			membershipExceptions = (
				ComplexPortfolioWidget.swift,
				PortfolioWidgetBundle.swift,
				SimplePortfolioWidget.swift,
			);
			target = 50FE7E0B2E17266E00D7BF31 /* PortfolioWidgetMacExtension */;
		};
		50FE7E2A2E17269200D7BF31 /* Exceptions for "UltimatePortfolio" folder in "PortfolioWidgetMacExtension" target */ = {
			isa = PBXFileSystemSynchronizedBuildFileExceptionSet;
			membershipExceptions = (
				Configuration/Main.xcdatamodeld,
				"DataController-StoreKit.swift",
				"DataController-Testing.swift",
				DataController.swift,
				"Extensions/Issue-CoreDataHelpers.swift",
				"Extensions/Tag-CoreDataHelpers.swift",
				Extensions/ToolbarItemPlacement.swift,
				Filters/Filter.swift,
				Localizable.xcstrings,
			);
			target = 50FE7E0B2E17266E00D7BF31 /* PortfolioWidgetMacExtension */;
		};
/* End PBXFileSystemSynchronizedBuildFileExceptionSet section */

/* Begin PBXFileSystemSynchronizedRootGroup section */
		5012DA4B2E17DE30007498F7 /* PortfolioWatch Watch App */ = {
			isa = PBXFileSystemSynchronizedRootGroup;
			path = "PortfolioWatch Watch App";
			sourceTree = "<group>";
		};
		50C32F6E2E13CED5004C9F3F /* UltimatePortfolioTests */ = {
			isa = PBXFileSystemSynchronizedRootGroup;
			path = UltimatePortfolioTests;
			sourceTree = "<group>";
		};
		50C32F982E14305E004C9F3F /* UltimatePortfolioUITests */ = {
			isa = PBXFileSystemSynchronizedRootGroup;
			path = UltimatePortfolioUITests;
			sourceTree = "<group>";
		};
		50CD40AB2E0B2ACC00A17AEF /* UltimatePortfolio */ = {
			isa = PBXFileSystemSynchronizedRootGroup;
			exceptions = (
				507AC8542E0B335E00FD29F8 /* Exceptions for "UltimatePortfolio" folder in "UltimatePortfolio" target */,
				50FE7DFC2E16BA4900D7BF31 /* Exceptions for "UltimatePortfolio" folder in "PortfolioWidgetExtension" target */,
				50FE7E2A2E17269200D7BF31 /* Exceptions for "UltimatePortfolio" folder in "PortfolioWidgetMacExtension" target */,
				5012DA792E17DE91007498F7 /* Exceptions for "UltimatePortfolio" folder in "PortfolioWatch Watch App" target */,
			);
			path = UltimatePortfolio;
			sourceTree = "<group>";
		};
		50FE7DE52E16B9F300D7BF31 /* PortfolioWidget */ = {
			isa = PBXFileSystemSynchronizedRootGroup;
			exceptions = (
				50FE7DF92E16B9F500D7BF31 /* Exceptions for "PortfolioWidget" folder in "PortfolioWidgetExtension" target */,
				50FE7E292E17269200D7BF31 /* Exceptions for "PortfolioWidget" folder in "PortfolioWidgetMacExtension" target */,
			);
			path = PortfolioWidget;
			sourceTree = "<group>";
		};
		50FE7E0F2E17266E00D7BF31 /* PortfolioWidgetMac */ = {
			isa = PBXFileSystemSynchronizedRootGroup;
			exceptions = (
				50FE7E212E17267000D7BF31 /* Exceptions for "PortfolioWidgetMac" folder in "PortfolioWidgetMacExtension" target */,
			);
			path = PortfolioWidgetMac;
			sourceTree = "<group>";
		};
/* End PBXFileSystemSynchronizedRootGroup section */

/* Begin PBXFrameworksBuildPhase section */
		5012DA472E17DE30007498F7 /* Frameworks */ = {
			isa = PBXFrameworksBuildPhase;
			buildActionMask = 2147483647;
			files = (
			);
			runOnlyForDeploymentPostprocessing = 0;
		};
		50C32F6A2E13CED5004C9F3F /* Frameworks */ = {
			isa = PBXFrameworksBuildPhase;
			buildActionMask = 2147483647;
			files = (
			);
			runOnlyForDeploymentPostprocessing = 0;
		};
		50C32F942E14305E004C9F3F /* Frameworks */ = {
			isa = PBXFrameworksBuildPhase;
			buildActionMask = 2147483647;
			files = (
			);
			runOnlyForDeploymentPostprocessing = 0;
		};
		50CD40A62E0B2ACC00A17AEF /* Frameworks */ = {
			isa = PBXFrameworksBuildPhase;
			buildActionMask = 2147483647;
			files = (
			);
			runOnlyForDeploymentPostprocessing = 0;
		};
		50FE7DDC2E16B9F300D7BF31 /* Frameworks */ = {
			isa = PBXFrameworksBuildPhase;
			buildActionMask = 2147483647;
			files = (
				50FE7DE42E16B9F300D7BF31 /* SwiftUI.framework in Frameworks */,
				50FE7DE22E16B9F300D7BF31 /* WidgetKit.framework in Frameworks */,
			);
			runOnlyForDeploymentPostprocessing = 0;
		};
		50FE7E092E17266E00D7BF31 /* Frameworks */ = {
			isa = PBXFrameworksBuildPhase;
			buildActionMask = 2147483647;
			files = (
				50FE7E0E2E17266E00D7BF31 /* SwiftUI.framework in Frameworks */,
				50FE7E0D2E17266E00D7BF31 /* WidgetKit.framework in Frameworks */,
			);
			runOnlyForDeploymentPostprocessing = 0;
		};
/* End PBXFrameworksBuildPhase section */

/* Begin PBXGroup section */
		50CD40A02E0B2ACC00A17AEF = {
			isa = PBXGroup;
			children = (
				50FE7E2D2E17284000D7BF31 /* PortfolioWidgetMacExtension.entitlements */,
				50FE7DFE2E16BAA000D7BF31 /* PortfolioWidgetExtension.entitlements */,
				50CD40AB2E0B2ACC00A17AEF /* UltimatePortfolio */,
				50C32F6E2E13CED5004C9F3F /* UltimatePortfolioTests */,
				50C32F982E14305E004C9F3F /* UltimatePortfolioUITests */,
				50FE7DE52E16B9F300D7BF31 /* PortfolioWidget */,
				50FE7E0F2E17266E00D7BF31 /* PortfolioWidgetMac */,
				5012DA4B2E17DE30007498F7 /* PortfolioWatch Watch App */,
				50FE7DE02E16B9F300D7BF31 /* Frameworks */,
				50CD40AA2E0B2ACC00A17AEF /* Products */,
			);
			sourceTree = "<group>";
		};
		50CD40AA2E0B2ACC00A17AEF /* Products */ = {
			isa = PBXGroup;
			children = (
				50CD40A92E0B2ACC00A17AEF /* UltimatePortfolio.app */,
				50C32F6D2E13CED5004C9F3F /* UltimatePortfolioTests.xctest */,
				50C32F972E14305E004C9F3F /* UltimatePortfolioUITests.xctest */,
				50FE7DDF2E16B9F300D7BF31 /* PortfolioWidgetExtension.appex */,
				50FE7E0C2E17266E00D7BF31 /* PortfolioWidgetMacExtension.appex */,
				5012DA4A2E17DE30007498F7 /* PortfolioWatch Watch App.app */,
			);
			name = Products;
			sourceTree = "<group>";
		};
		50FE7DE02E16B9F300D7BF31 /* Frameworks */ = {
			isa = PBXGroup;
			children = (
				50FE7DE12E16B9F300D7BF31 /* WidgetKit.framework */,
				50FE7DE32E16B9F300D7BF31 /* SwiftUI.framework */,
			);
			name = Frameworks;
			sourceTree = "<group>";
		};
/* End PBXGroup section */

/* Begin PBXNativeTarget section */
		5012DA492E17DE30007498F7 /* PortfolioWatch Watch App */ = {
			isa = PBXNativeTarget;
			buildConfigurationList = 5012DA582E17DE31007498F7 /* Build configuration list for PBXNativeTarget "PortfolioWatch Watch App" */;
			buildPhases = (
				5012DA462E17DE30007498F7 /* Sources */,
				5012DA472E17DE30007498F7 /* Frameworks */,
				5012DA482E17DE30007498F7 /* Resources */,
			);
			buildRules = (
			);
			dependencies = (
			);
			fileSystemSynchronizedGroups = (
				5012DA4B2E17DE30007498F7 /* PortfolioWatch Watch App */,
			);
			name = "PortfolioWatch Watch App";
			packageProductDependencies = (
			);
			productName = "PortfolioWatch Watch App";
			productReference = 5012DA4A2E17DE30007498F7 /* PortfolioWatch Watch App.app */;
			productType = "com.apple.product-type.application";
		};
		50C32F6C2E13CED5004C9F3F /* UltimatePortfolioTests */ = {
			isa = PBXNativeTarget;
			buildConfigurationList = 50C32F732E13CED5004C9F3F /* Build configuration list for PBXNativeTarget "UltimatePortfolioTests" */;
			buildPhases = (
				50C32F692E13CED5004C9F3F /* Sources */,
				50C32F6A2E13CED5004C9F3F /* Frameworks */,
				50C32F6B2E13CED5004C9F3F /* Resources */,
			);
			buildRules = (
			);
			dependencies = (
				50C32F722E13CED5004C9F3F /* PBXTargetDependency */,
			);
			fileSystemSynchronizedGroups = (
				50C32F6E2E13CED5004C9F3F /* UltimatePortfolioTests */,
			);
			name = UltimatePortfolioTests;
			packageProductDependencies = (
			);
			productName = UltimatePortfolioTests;
			productReference = 50C32F6D2E13CED5004C9F3F /* UltimatePortfolioTests.xctest */;
			productType = "com.apple.product-type.bundle.unit-test";
		};
		50C32F962E14305E004C9F3F /* UltimatePortfolioUITests */ = {
			isa = PBXNativeTarget;
			buildConfigurationList = 50C32F9F2E14305E004C9F3F /* Build configuration list for PBXNativeTarget "UltimatePortfolioUITests" */;
			buildPhases = (
				50C32F932E14305E004C9F3F /* Sources */,
				50C32F942E14305E004C9F3F /* Frameworks */,
				50C32F952E14305E004C9F3F /* Resources */,
			);
			buildRules = (
			);
			dependencies = (
				50C32F9E2E14305E004C9F3F /* PBXTargetDependency */,
			);
			fileSystemSynchronizedGroups = (
				50C32F982E14305E004C9F3F /* UltimatePortfolioUITests */,
			);
			name = UltimatePortfolioUITests;
			packageProductDependencies = (
			);
			productName = UltimatePortfolioUITests;
			productReference = 50C32F972E14305E004C9F3F /* UltimatePortfolioUITests.xctest */;
			productType = "com.apple.product-type.bundle.ui-testing";
		};
		50CD40A82E0B2ACC00A17AEF /* UltimatePortfolio */ = {
			isa = PBXNativeTarget;
			buildConfigurationList = 50CD40B42E0B2ACE00A17AEF /* Build configuration list for PBXNativeTarget "UltimatePortfolio" */;
			buildPhases = (
				50CD40A52E0B2ACC00A17AEF /* Sources */,
				50CD40A62E0B2ACC00A17AEF /* Frameworks */,
				50CD40A72E0B2ACC00A17AEF /* Resources */,
				509E7D1E2E12C25000A1BDA2 /* Swiftlint */,
				50FE7DFA2E16B9F500D7BF31 /* Embed Foundation Extensions */,
				5012DA552E17DE31007498F7 /* Embed Watch Content */,
			);
			buildRules = (
			);
			dependencies = (
				50FE7DF42E16B9F500D7BF31 /* PBXTargetDependency */,
				50FE7E1C2E17267000D7BF31 /* PBXTargetDependency */,
				5012DA532E17DE31007498F7 /* PBXTargetDependency */,
			);
			fileSystemSynchronizedGroups = (
				50CD40AB2E0B2ACC00A17AEF /* UltimatePortfolio */,
			);
			name = UltimatePortfolio;
			packageProductDependencies = (
			);
			productName = UltimatePortfolio;
			productReference = 50CD40A92E0B2ACC00A17AEF /* UltimatePortfolio.app */;
			productType = "com.apple.product-type.application";
		};
		50FE7DDE2E16B9F300D7BF31 /* PortfolioWidgetExtension */ = {
			isa = PBXNativeTarget;
			buildConfigurationList = 50FE7DF62E16B9F500D7BF31 /* Build configuration list for PBXNativeTarget "PortfolioWidgetExtension" */;
			buildPhases = (
				50FE7DDB2E16B9F300D7BF31 /* Sources */,
				50FE7DDC2E16B9F300D7BF31 /* Frameworks */,
				50FE7DDD2E16B9F300D7BF31 /* Resources */,
			);
			buildRules = (
			);
			dependencies = (
			);
			fileSystemSynchronizedGroups = (
				50FE7DE52E16B9F300D7BF31 /* PortfolioWidget */,
			);
			name = PortfolioWidgetExtension;
			packageProductDependencies = (
			);
			productName = PortfolioWidgetExtension;
			productReference = 50FE7DDF2E16B9F300D7BF31 /* PortfolioWidgetExtension.appex */;
			productType = "com.apple.product-type.app-extension";
		};
		50FE7E0B2E17266E00D7BF31 /* PortfolioWidgetMacExtension */ = {
			isa = PBXNativeTarget;
			buildConfigurationList = 50FE7E1E2E17267000D7BF31 /* Build configuration list for PBXNativeTarget "PortfolioWidgetMacExtension" */;
			buildPhases = (
				50FE7E082E17266E00D7BF31 /* Sources */,
				50FE7E092E17266E00D7BF31 /* Frameworks */,
				50FE7E0A2E17266E00D7BF31 /* Resources */,
			);
			buildRules = (
			);
			dependencies = (
			);
			fileSystemSynchronizedGroups = (
				50FE7E0F2E17266E00D7BF31 /* PortfolioWidgetMac */,
			);
			name = PortfolioWidgetMacExtension;
			packageProductDependencies = (
			);
			productName = PortfolioWidgetMacExtension;
			productReference = 50FE7E0C2E17266E00D7BF31 /* PortfolioWidgetMacExtension.appex */;
			productType = "com.apple.product-type.app-extension";
		};
/* End PBXNativeTarget section */

/* Begin PBXProject section */
		50CD40A12E0B2ACC00A17AEF /* Project object */ = {
			isa = PBXProject;
			attributes = {
				BuildIndependentTargetsInParallel = 1;
				LastSwiftUpdateCheck = 2600;
				LastUpgradeCheck = 2600;
				TargetAttributes = {
					5012DA492E17DE30007498F7 = {
						CreatedOnToolsVersion = 26.0;
					};
					50C32F6C2E13CED5004C9F3F = {
						CreatedOnToolsVersion = 26.0;
						TestTargetID = 50CD40A82E0B2ACC00A17AEF;
					};
					50C32F962E14305E004C9F3F = {
						CreatedOnToolsVersion = 26.0;
						TestTargetID = 50CD40A82E0B2ACC00A17AEF;
					};
					50CD40A82E0B2ACC00A17AEF = {
						CreatedOnToolsVersion = 26.0;
					};
					50FE7DDE2E16B9F300D7BF31 = {
						CreatedOnToolsVersion = 26.0;
					};
					50FE7E0B2E17266E00D7BF31 = {
						CreatedOnToolsVersion = 26.0;
					};
				};
			};
			buildConfigurationList = 50CD40A42E0B2ACC00A17AEF /* Build configuration list for PBXProject "UltimatePortfolio" */;
			developmentRegion = en;
			hasScannedForEncodings = 0;
			knownRegions = (
				en,
				Base,
				uk,
			);
			mainGroup = 50CD40A02E0B2ACC00A17AEF;
			minimizedProjectReferenceProxies = 1;
			preferredProjectObjectVersion = 77;
			productRefGroup = 50CD40AA2E0B2ACC00A17AEF /* Products */;
			projectDirPath = "";
			projectRoot = "";
			targets = (
				50CD40A82E0B2ACC00A17AEF /* UltimatePortfolio */,
				50C32F6C2E13CED5004C9F3F /* UltimatePortfolioTests */,
				50C32F962E14305E004C9F3F /* UltimatePortfolioUITests */,
				50FE7DDE2E16B9F300D7BF31 /* PortfolioWidgetExtension */,
				50FE7E0B2E17266E00D7BF31 /* PortfolioWidgetMacExtension */,
				5012DA492E17DE30007498F7 /* PortfolioWatch Watch App */,
			);
		};
/* End PBXProject section */

/* Begin PBXResourcesBuildPhase section */
		5012DA482E17DE30007498F7 /* Resources */ = {
			isa = PBXResourcesBuildPhase;
			buildActionMask = 2147483647;
			files = (
			);
			runOnlyForDeploymentPostprocessing = 0;
		};
		50C32F6B2E13CED5004C9F3F /* Resources */ = {
			isa = PBXResourcesBuildPhase;
			buildActionMask = 2147483647;
			files = (
			);
			runOnlyForDeploymentPostprocessing = 0;
		};
		50C32F952E14305E004C9F3F /* Resources */ = {
			isa = PBXResourcesBuildPhase;
			buildActionMask = 2147483647;
			files = (
			);
			runOnlyForDeploymentPostprocessing = 0;
		};
		50CD40A72E0B2ACC00A17AEF /* Resources */ = {
			isa = PBXResourcesBuildPhase;
			buildActionMask = 2147483647;
			files = (
			);
			runOnlyForDeploymentPostprocessing = 0;
		};
		50FE7DDD2E16B9F300D7BF31 /* Resources */ = {
			isa = PBXResourcesBuildPhase;
			buildActionMask = 2147483647;
			files = (
			);
			runOnlyForDeploymentPostprocessing = 0;
		};
		50FE7E0A2E17266E00D7BF31 /* Resources */ = {
			isa = PBXResourcesBuildPhase;
			buildActionMask = 2147483647;
			files = (
			);
			runOnlyForDeploymentPostprocessing = 0;
		};
/* End PBXResourcesBuildPhase section */

/* Begin PBXShellScriptBuildPhase section */
		509E7D1E2E12C25000A1BDA2 /* Swiftlint */ = {
			isa = PBXShellScriptBuildPhase;
			alwaysOutOfDate = 1;
			buildActionMask = 2147483647;
			files = (
			);
			inputFileListPaths = (
			);
			inputPaths = (
			);
			name = Swiftlint;
			outputFileListPaths = (
			);
			outputPaths = (
			);
			runOnlyForDeploymentPostprocessing = 0;
			shellPath = /bin/sh;
			shellScript = "if [[ \"$(uname -m)\" == arm64 ]]\nthen\n    export PATH=\"/opt/homebrew/bin:$PATH\"\nfi\n\nif command -v swiftlint >/dev/null 2>&1\nthen\n    swiftlint\nelse\n    echo \"warning: `swiftlint` command not found - See https://github.com/realm/SwiftLint#installation for installation instructions.\"\nfi\n";
		};
/* End PBXShellScriptBuildPhase section */

/* Begin PBXSourcesBuildPhase section */
		5012DA462E17DE30007498F7 /* Sources */ = {
			isa = PBXSourcesBuildPhase;
			buildActionMask = 2147483647;
			files = (
			);
			runOnlyForDeploymentPostprocessing = 0;
		};
		50C32F692E13CED5004C9F3F /* Sources */ = {
			isa = PBXSourcesBuildPhase;
			buildActionMask = 2147483647;
			files = (
			);
			runOnlyForDeploymentPostprocessing = 0;
		};
		50C32F932E14305E004C9F3F /* Sources */ = {
			isa = PBXSourcesBuildPhase;
			buildActionMask = 2147483647;
			files = (
			);
			runOnlyForDeploymentPostprocessing = 0;
		};
		50CD40A52E0B2ACC00A17AEF /* Sources */ = {
			isa = PBXSourcesBuildPhase;
			buildActionMask = 2147483647;
			files = (
			);
			runOnlyForDeploymentPostprocessing = 0;
		};
		50FE7DDB2E16B9F300D7BF31 /* Sources */ = {
			isa = PBXSourcesBuildPhase;
			buildActionMask = 2147483647;
			files = (
			);
			runOnlyForDeploymentPostprocessing = 0;
		};
		50FE7E082E17266E00D7BF31 /* Sources */ = {
			isa = PBXSourcesBuildPhase;
			buildActionMask = 2147483647;
			files = (
			);
			runOnlyForDeploymentPostprocessing = 0;
		};
/* End PBXSourcesBuildPhase section */

/* Begin PBXTargetDependency section */
		5012DA532E17DE31007498F7 /* PBXTargetDependency */ = {
			isa = PBXTargetDependency;
			platformFilter = ios;
			target = 5012DA492E17DE30007498F7 /* PortfolioWatch Watch App */;
			targetProxy = 5012DA522E17DE31007498F7 /* PBXContainerItemProxy */;
		};
		50C32F722E13CED5004C9F3F /* PBXTargetDependency */ = {
			isa = PBXTargetDependency;
			target = 50CD40A82E0B2ACC00A17AEF /* UltimatePortfolio */;
			targetProxy = 50C32F712E13CED5004C9F3F /* PBXContainerItemProxy */;
		};
		50C32F9E2E14305E004C9F3F /* PBXTargetDependency */ = {
			isa = PBXTargetDependency;
			target = 50CD40A82E0B2ACC00A17AEF /* UltimatePortfolio */;
			targetProxy = 50C32F9D2E14305E004C9F3F /* PBXContainerItemProxy */;
		};
		50FE7DF42E16B9F500D7BF31 /* PBXTargetDependency */ = {
			isa = PBXTargetDependency;
			platformFilter = ios;
			target = 50FE7DDE2E16B9F300D7BF31 /* PortfolioWidgetExtension */;
			targetProxy = 50FE7DF32E16B9F500D7BF31 /* PBXContainerItemProxy */;
		};
		50FE7E1C2E17267000D7BF31 /* PBXTargetDependency */ = {
			isa = PBXTargetDependency;
			platformFilters = (
				macos,
			);
			target = 50FE7E0B2E17266E00D7BF31 /* PortfolioWidgetMacExtension */;
			targetProxy = 50FE7E1B2E17267000D7BF31 /* PBXContainerItemProxy */;
		};
/* End PBXTargetDependency section */

/* Begin XCBuildConfiguration section */
		5012DA562E17DE31007498F7 /* Debug */ = {
			isa = XCBuildConfiguration;
			buildSettings = {
				ASSETCATALOG_COMPILER_APPICON_NAME = AppIcon;
				ASSETCATALOG_COMPILER_GLOBAL_ACCENT_COLOR_NAME = AccentColor;
				CODE_SIGN_ENTITLEMENTS = "PortfolioWatch Watch App/PortfolioWatch Watch App.entitlements";
				CODE_SIGN_STYLE = Automatic;
				CURRENT_PROJECT_VERSION = 1;
				DEVELOPMENT_TEAM = Y8R8J37BJY;
				ENABLE_PREVIEWS = YES;
				ENABLE_USER_SCRIPT_SANDBOXING = YES;
				GENERATE_INFOPLIST_FILE = YES;
				INFOPLIST_KEY_CFBundleDisplayName = PortfolioWatch;
				INFOPLIST_KEY_UISupportedInterfaceOrientations = "UIInterfaceOrientationPortrait UIInterfaceOrientationPortraitUpsideDown";
				INFOPLIST_KEY_WKCompanionAppBundleIdentifier = software.colorful.UltimatePortfolio;
				LD_RUNPATH_SEARCH_PATHS = (
					"$(inherited)",
					"@executable_path/Frameworks",
				);
				MARKETING_VERSION = 1.0;
				PRODUCT_BUNDLE_IDENTIFIER = software.colorful.UltimatePortfolio.watchkitapp;
				PRODUCT_NAME = "$(TARGET_NAME)";
				SDKROOT = watchos;
				SKIP_INSTALL = YES;
				STRING_CATALOG_GENERATE_SYMBOLS = YES;
				SWIFT_DEFAULT_ACTOR_ISOLATION = MainActor;
				SWIFT_EMIT_LOC_STRINGS = YES;
				SWIFT_UPCOMING_FEATURE_MEMBER_IMPORT_VISIBILITY = YES;
				SWIFT_VERSION = 5.0;
				TARGETED_DEVICE_FAMILY = 4;
				WATCHOS_DEPLOYMENT_TARGET = 26.0;
			};
			name = Debug;
		};
		5012DA572E17DE31007498F7 /* Release */ = {
			isa = XCBuildConfiguration;
			buildSettings = {
				ASSETCATALOG_COMPILER_APPICON_NAME = AppIcon;
				ASSETCATALOG_COMPILER_GLOBAL_ACCENT_COLOR_NAME = AccentColor;
				CODE_SIGN_ENTITLEMENTS = "PortfolioWatch Watch App/PortfolioWatch Watch App.entitlements";
				CODE_SIGN_STYLE = Automatic;
				CURRENT_PROJECT_VERSION = 1;
				DEVELOPMENT_TEAM = Y8R8J37BJY;
				ENABLE_PREVIEWS = YES;
				ENABLE_USER_SCRIPT_SANDBOXING = YES;
				GENERATE_INFOPLIST_FILE = YES;
				INFOPLIST_KEY_CFBundleDisplayName = PortfolioWatch;
				INFOPLIST_KEY_UISupportedInterfaceOrientations = "UIInterfaceOrientationPortrait UIInterfaceOrientationPortraitUpsideDown";
				INFOPLIST_KEY_WKCompanionAppBundleIdentifier = software.colorful.UltimatePortfolio;
				LD_RUNPATH_SEARCH_PATHS = (
					"$(inherited)",
					"@executable_path/Frameworks",
				);
				MARKETING_VERSION = 1.0;
				PRODUCT_BUNDLE_IDENTIFIER = software.colorful.UltimatePortfolio.watchkitapp;
				PRODUCT_NAME = "$(TARGET_NAME)";
				SDKROOT = watchos;
				SKIP_INSTALL = YES;
				STRING_CATALOG_GENERATE_SYMBOLS = YES;
				SWIFT_DEFAULT_ACTOR_ISOLATION = MainActor;
				SWIFT_EMIT_LOC_STRINGS = YES;
				SWIFT_UPCOMING_FEATURE_MEMBER_IMPORT_VISIBILITY = YES;
				SWIFT_VERSION = 5.0;
				TARGETED_DEVICE_FAMILY = 4;
				VALIDATE_PRODUCT = YES;
				WATCHOS_DEPLOYMENT_TARGET = 26.0;
			};
			name = Release;
		};
		50C32F742E13CED5004C9F3F /* Debug */ = {
			isa = XCBuildConfiguration;
			buildSettings = {
				BUNDLE_LOADER = "$(TEST_HOST)";
				CODE_SIGN_STYLE = Automatic;
				CURRENT_PROJECT_VERSION = 1;
				DEVELOPMENT_TEAM = Y8R8J37BJY;
				ENABLE_USER_SCRIPT_SANDBOXING = YES;
				GENERATE_INFOPLIST_FILE = YES;
				IPHONEOS_DEPLOYMENT_TARGET = 26.0;
				MARKETING_VERSION = 1.0;
				PRODUCT_BUNDLE_IDENTIFIER = software.colorful.UltimatePortfolioTests;
				PRODUCT_NAME = "$(TARGET_NAME)";
				SDKROOT = iphoneos;
				STRING_CATALOG_GENERATE_SYMBOLS = NO;
				SWIFT_EMIT_LOC_STRINGS = NO;
				SWIFT_UPCOMING_FEATURE_MEMBER_IMPORT_VISIBILITY = YES;
				SWIFT_VERSION = 5.0;
				TARGETED_DEVICE_FAMILY = "1,2";
				TEST_HOST = "$(BUILT_PRODUCTS_DIR)/UltimatePortfolio.app/$(BUNDLE_EXECUTABLE_FOLDER_PATH)/UltimatePortfolio";
			};
			name = Debug;
		};
		50C32F752E13CED5004C9F3F /* Release */ = {
			isa = XCBuildConfiguration;
			buildSettings = {
				BUNDLE_LOADER = "$(TEST_HOST)";
				CODE_SIGN_STYLE = Automatic;
				CURRENT_PROJECT_VERSION = 1;
				DEVELOPMENT_TEAM = Y8R8J37BJY;
				ENABLE_USER_SCRIPT_SANDBOXING = YES;
				GENERATE_INFOPLIST_FILE = YES;
				IPHONEOS_DEPLOYMENT_TARGET = 26.0;
				MARKETING_VERSION = 1.0;
				PRODUCT_BUNDLE_IDENTIFIER = software.colorful.UltimatePortfolioTests;
				PRODUCT_NAME = "$(TARGET_NAME)";
				SDKROOT = iphoneos;
				STRING_CATALOG_GENERATE_SYMBOLS = NO;
				SWIFT_EMIT_LOC_STRINGS = NO;
				SWIFT_UPCOMING_FEATURE_MEMBER_IMPORT_VISIBILITY = YES;
				SWIFT_VERSION = 5.0;
				TARGETED_DEVICE_FAMILY = "1,2";
				TEST_HOST = "$(BUILT_PRODUCTS_DIR)/UltimatePortfolio.app/$(BUNDLE_EXECUTABLE_FOLDER_PATH)/UltimatePortfolio";
				VALIDATE_PRODUCT = YES;
			};
			name = Release;
		};
		50C32FA02E14305E004C9F3F /* Debug */ = {
			isa = XCBuildConfiguration;
			buildSettings = {
				CODE_SIGN_STYLE = Automatic;
				CURRENT_PROJECT_VERSION = 1;
				DEVELOPMENT_TEAM = Y8R8J37BJY;
				ENABLE_USER_SCRIPT_SANDBOXING = YES;
				GENERATE_INFOPLIST_FILE = YES;
				IPHONEOS_DEPLOYMENT_TARGET = 26.0;
				MARKETING_VERSION = 1.0;
				PRODUCT_BUNDLE_IDENTIFIER = software.colorful.UltimatePortfolioUITests;
				PRODUCT_NAME = "$(TARGET_NAME)";
				SDKROOT = iphoneos;
				STRING_CATALOG_GENERATE_SYMBOLS = NO;
				SWIFT_EMIT_LOC_STRINGS = NO;
				SWIFT_UPCOMING_FEATURE_MEMBER_IMPORT_VISIBILITY = YES;
				SWIFT_VERSION = 5.0;
				TARGETED_DEVICE_FAMILY = "1,2";
				TEST_TARGET_NAME = UltimatePortfolio;
			};
			name = Debug;
		};
		50C32FA12E14305E004C9F3F /* Release */ = {
			isa = XCBuildConfiguration;
			buildSettings = {
				CODE_SIGN_STYLE = Automatic;
				CURRENT_PROJECT_VERSION = 1;
				DEVELOPMENT_TEAM = Y8R8J37BJY;
				ENABLE_USER_SCRIPT_SANDBOXING = YES;
				GENERATE_INFOPLIST_FILE = YES;
				IPHONEOS_DEPLOYMENT_TARGET = 26.0;
				MARKETING_VERSION = 1.0;
				PRODUCT_BUNDLE_IDENTIFIER = software.colorful.UltimatePortfolioUITests;
				PRODUCT_NAME = "$(TARGET_NAME)";
				SDKROOT = iphoneos;
				STRING_CATALOG_GENERATE_SYMBOLS = NO;
				SWIFT_EMIT_LOC_STRINGS = NO;
				SWIFT_UPCOMING_FEATURE_MEMBER_IMPORT_VISIBILITY = YES;
				SWIFT_VERSION = 5.0;
				TARGETED_DEVICE_FAMILY = "1,2";
				TEST_TARGET_NAME = UltimatePortfolio;
				VALIDATE_PRODUCT = YES;
			};
			name = Release;
		};
		50CD40B22E0B2ACE00A17AEF /* Debug */ = {
			isa = XCBuildConfiguration;
			buildSettings = {
				ALWAYS_SEARCH_USER_PATHS = NO;
				ASSETCATALOG_COMPILER_GENERATE_SWIFT_ASSET_SYMBOL_EXTENSIONS = NO;
				CLANG_ANALYZER_NONNULL = YES;
				CLANG_ANALYZER_NUMBER_OBJECT_CONVERSION = YES_AGGRESSIVE;
				CLANG_CXX_LANGUAGE_STANDARD = "gnu++20";
				CLANG_ENABLE_MODULES = YES;
				CLANG_ENABLE_OBJC_ARC = YES;
				CLANG_ENABLE_OBJC_WEAK = YES;
				CLANG_WARN_BLOCK_CAPTURE_AUTORELEASING = YES;
				CLANG_WARN_BOOL_CONVERSION = YES;
				CLANG_WARN_COMMA = YES;
				CLANG_WARN_CONSTANT_CONVERSION = YES;
				CLANG_WARN_DEPRECATED_OBJC_IMPLEMENTATIONS = YES;
				CLANG_WARN_DIRECT_OBJC_ISA_USAGE = YES_ERROR;
				CLANG_WARN_DOCUMENTATION_COMMENTS = YES;
				CLANG_WARN_EMPTY_BODY = YES;
				CLANG_WARN_ENUM_CONVERSION = YES;
				CLANG_WARN_INFINITE_RECURSION = YES;
				CLANG_WARN_INT_CONVERSION = YES;
				CLANG_WARN_NON_LITERAL_NULL_CONVERSION = YES;
				CLANG_WARN_OBJC_IMPLICIT_RETAIN_SELF = YES;
				CLANG_WARN_OBJC_LITERAL_CONVERSION = YES;
				CLANG_WARN_OBJC_ROOT_CLASS = YES_ERROR;
				CLANG_WARN_QUOTED_INCLUDE_IN_FRAMEWORK_HEADER = YES;
				CLANG_WARN_RANGE_LOOP_ANALYSIS = YES;
				CLANG_WARN_STRICT_PROTOTYPES = YES;
				CLANG_WARN_SUSPICIOUS_MOVE = YES;
				CLANG_WARN_UNGUARDED_AVAILABILITY = YES_AGGRESSIVE;
				CLANG_WARN_UNREACHABLE_CODE = YES;
				CLANG_WARN__DUPLICATE_METHOD_MATCH = YES;
				COPY_PHASE_STRIP = NO;
				DEBUG_INFORMATION_FORMAT = dwarf;
				DEVELOPMENT_TEAM = Y8R8J37BJY;
				ENABLE_STRICT_OBJC_MSGSEND = YES;
				ENABLE_TESTABILITY = YES;
				ENABLE_USER_SCRIPT_SANDBOXING = NO;
				GCC_C_LANGUAGE_STANDARD = gnu17;
				GCC_DYNAMIC_NO_PIC = NO;
				GCC_NO_COMMON_BLOCKS = YES;
				GCC_OPTIMIZATION_LEVEL = 0;
				GCC_PREPROCESSOR_DEFINITIONS = (
					"DEBUG=1",
					"$(inherited)",
				);
				GCC_WARN_64_TO_32_BIT_CONVERSION = YES;
				GCC_WARN_ABOUT_RETURN_TYPE = YES_ERROR;
				GCC_WARN_UNDECLARED_SELECTOR = YES;
				GCC_WARN_UNINITIALIZED_AUTOS = YES_AGGRESSIVE;
				GCC_WARN_UNUSED_FUNCTION = YES;
				GCC_WARN_UNUSED_VARIABLE = YES;
				LOCALIZATION_PREFERS_STRING_CATALOGS = YES;
				MTL_ENABLE_DEBUG_INFO = INCLUDE_SOURCE;
				MTL_FAST_MATH = YES;
				ONLY_ACTIVE_ARCH = YES;
				SWIFT_ACTIVE_COMPILATION_CONDITIONS = "DEBUG $(inherited)";
				SWIFT_EMIT_LOC_STRINGS = YES;
				SWIFT_OPTIMIZATION_LEVEL = "-Onone";
			};
			name = Debug;
		};
		50CD40B32E0B2ACE00A17AEF /* Release */ = {
			isa = XCBuildConfiguration;
			buildSettings = {
				ALWAYS_SEARCH_USER_PATHS = NO;
				ASSETCATALOG_COMPILER_GENERATE_SWIFT_ASSET_SYMBOL_EXTENSIONS = NO;
				CLANG_ANALYZER_NONNULL = YES;
				CLANG_ANALYZER_NUMBER_OBJECT_CONVERSION = YES_AGGRESSIVE;
				CLANG_CXX_LANGUAGE_STANDARD = "gnu++20";
				CLANG_ENABLE_MODULES = YES;
				CLANG_ENABLE_OBJC_ARC = YES;
				CLANG_ENABLE_OBJC_WEAK = YES;
				CLANG_WARN_BLOCK_CAPTURE_AUTORELEASING = YES;
				CLANG_WARN_BOOL_CONVERSION = YES;
				CLANG_WARN_COMMA = YES;
				CLANG_WARN_CONSTANT_CONVERSION = YES;
				CLANG_WARN_DEPRECATED_OBJC_IMPLEMENTATIONS = YES;
				CLANG_WARN_DIRECT_OBJC_ISA_USAGE = YES_ERROR;
				CLANG_WARN_DOCUMENTATION_COMMENTS = YES;
				CLANG_WARN_EMPTY_BODY = YES;
				CLANG_WARN_ENUM_CONVERSION = YES;
				CLANG_WARN_INFINITE_RECURSION = YES;
				CLANG_WARN_INT_CONVERSION = YES;
				CLANG_WARN_NON_LITERAL_NULL_CONVERSION = YES;
				CLANG_WARN_OBJC_IMPLICIT_RETAIN_SELF = YES;
				CLANG_WARN_OBJC_LITERAL_CONVERSION = YES;
				CLANG_WARN_OBJC_ROOT_CLASS = YES_ERROR;
				CLANG_WARN_QUOTED_INCLUDE_IN_FRAMEWORK_HEADER = YES;
				CLANG_WARN_RANGE_LOOP_ANALYSIS = YES;
				CLANG_WARN_STRICT_PROTOTYPES = YES;
				CLANG_WARN_SUSPICIOUS_MOVE = YES;
				CLANG_WARN_UNGUARDED_AVAILABILITY = YES_AGGRESSIVE;
				CLANG_WARN_UNREACHABLE_CODE = YES;
				CLANG_WARN__DUPLICATE_METHOD_MATCH = YES;
				COPY_PHASE_STRIP = NO;
				DEBUG_INFORMATION_FORMAT = "dwarf-with-dsym";
				DEVELOPMENT_TEAM = Y8R8J37BJY;
				ENABLE_NS_ASSERTIONS = NO;
				ENABLE_STRICT_OBJC_MSGSEND = YES;
				ENABLE_USER_SCRIPT_SANDBOXING = NO;
				GCC_C_LANGUAGE_STANDARD = gnu17;
				GCC_NO_COMMON_BLOCKS = YES;
				GCC_WARN_64_TO_32_BIT_CONVERSION = YES;
				GCC_WARN_ABOUT_RETURN_TYPE = YES_ERROR;
				GCC_WARN_UNDECLARED_SELECTOR = YES;
				GCC_WARN_UNINITIALIZED_AUTOS = YES_AGGRESSIVE;
				GCC_WARN_UNUSED_FUNCTION = YES;
				GCC_WARN_UNUSED_VARIABLE = YES;
				LOCALIZATION_PREFERS_STRING_CATALOGS = YES;
				MTL_ENABLE_DEBUG_INFO = NO;
				MTL_FAST_MATH = YES;
				SWIFT_COMPILATION_MODE = wholemodule;
				SWIFT_EMIT_LOC_STRINGS = YES;
			};
			name = Release;
		};
		50CD40B52E0B2ACE00A17AEF /* Debug */ = {
			isa = XCBuildConfiguration;
			buildSettings = {
				ASSETCATALOG_COMPILER_APPICON_NAME = AppIcon;
				ASSETCATALOG_COMPILER_GLOBAL_ACCENT_COLOR_NAME = AccentColor;
				CODE_SIGN_ENTITLEMENTS = UltimatePortfolio/Configuration/UltimatePortfolio.entitlements;
				CODE_SIGN_STYLE = Automatic;
				CURRENT_PROJECT_VERSION = 1;
				DEVELOPMENT_TEAM = Y8R8J37BJY;
				ENABLE_APP_SANDBOX = YES;
				ENABLE_HARDENED_RUNTIME = YES;
				ENABLE_INCOMING_NETWORK_CONNECTIONS = YES;
				ENABLE_OUTGOING_NETWORK_CONNECTIONS = YES;
				ENABLE_PREVIEWS = YES;
				ENABLE_RESOURCE_ACCESS_AUDIO_INPUT = NO;
				ENABLE_RESOURCE_ACCESS_BLUETOOTH = NO;
				ENABLE_RESOURCE_ACCESS_CALENDARS = NO;
				ENABLE_RESOURCE_ACCESS_CAMERA = NO;
				ENABLE_RESOURCE_ACCESS_CONTACTS = NO;
				ENABLE_RESOURCE_ACCESS_LOCATION = NO;
				ENABLE_RESOURCE_ACCESS_PRINTING = NO;
				ENABLE_RESOURCE_ACCESS_USB = NO;
				ENABLE_USER_SELECTED_FILES = readonly;
				GENERATE_INFOPLIST_FILE = YES;
				INFOPLIST_FILE = UltimatePortfolio/Configuration/Info.plist;
				"INFOPLIST_KEY_UIApplicationSceneManifest_Generation[sdk=iphoneos*]" = YES;
				"INFOPLIST_KEY_UIApplicationSceneManifest_Generation[sdk=iphonesimulator*]" = YES;
				"INFOPLIST_KEY_UIApplicationSupportsIndirectInputEvents[sdk=iphoneos*]" = YES;
				"INFOPLIST_KEY_UIApplicationSupportsIndirectInputEvents[sdk=iphonesimulator*]" = YES;
				"INFOPLIST_KEY_UILaunchScreen_Generation[sdk=iphoneos*]" = YES;
				"INFOPLIST_KEY_UILaunchScreen_Generation[sdk=iphonesimulator*]" = YES;
				"INFOPLIST_KEY_UIStatusBarStyle[sdk=iphoneos*]" = UIStatusBarStyleDefault;
				"INFOPLIST_KEY_UIStatusBarStyle[sdk=iphonesimulator*]" = UIStatusBarStyleDefault;
				INFOPLIST_KEY_UISupportedInterfaceOrientations_iPad = "UIInterfaceOrientationPortrait UIInterfaceOrientationPortraitUpsideDown UIInterfaceOrientationLandscapeLeft UIInterfaceOrientationLandscapeRight";
				INFOPLIST_KEY_UISupportedInterfaceOrientations_iPhone = "UIInterfaceOrientationPortrait UIInterfaceOrientationLandscapeLeft UIInterfaceOrientationLandscapeRight";
				IPHONEOS_DEPLOYMENT_TARGET = 18.0;
				LD_RUNPATH_SEARCH_PATHS = "@executable_path/Frameworks";
				"LD_RUNPATH_SEARCH_PATHS[sdk=macosx*]" = "@executable_path/../Frameworks";
				MACOSX_DEPLOYMENT_TARGET = 15.5;
				MARKETING_VERSION = 1.0;
				PRODUCT_BUNDLE_IDENTIFIER = software.colorful.UltimatePortfolio;
				PRODUCT_NAME = "$(TARGET_NAME)";
				REGISTER_APP_GROUPS = YES;
				SDKROOT = auto;
				STRING_CATALOG_GENERATE_SYMBOLS = YES;
				SUPPORTED_PLATFORMS = "iphoneos iphonesimulator macosx xros xrsimulator";
				SWIFT_DEFAULT_ACTOR_ISOLATION = MainActor;
				SWIFT_EMIT_LOC_STRINGS = YES;
				SWIFT_UPCOMING_FEATURE_MEMBER_IMPORT_VISIBILITY = YES;
				SWIFT_VERSION = 5.0;
				TARGETED_DEVICE_FAMILY = "1,2,7";
				XROS_DEPLOYMENT_TARGET = 26.0;
			};
			name = Debug;
		};
		50CD40B62E0B2ACE00A17AEF /* Release */ = {
			isa = XCBuildConfiguration;
			buildSettings = {
				ASSETCATALOG_COMPILER_APPICON_NAME = AppIcon;
				ASSETCATALOG_COMPILER_GLOBAL_ACCENT_COLOR_NAME = AccentColor;
				CODE_SIGN_ENTITLEMENTS = UltimatePortfolio/Configuration/UltimatePortfolio.entitlements;
				CODE_SIGN_STYLE = Automatic;
				CURRENT_PROJECT_VERSION = 1;
				DEVELOPMENT_TEAM = Y8R8J37BJY;
				ENABLE_APP_SANDBOX = YES;
				ENABLE_HARDENED_RUNTIME = YES;
				ENABLE_INCOMING_NETWORK_CONNECTIONS = YES;
				ENABLE_OUTGOING_NETWORK_CONNECTIONS = YES;
				ENABLE_PREVIEWS = YES;
				ENABLE_RESOURCE_ACCESS_AUDIO_INPUT = NO;
				ENABLE_RESOURCE_ACCESS_BLUETOOTH = NO;
				ENABLE_RESOURCE_ACCESS_CALENDARS = NO;
				ENABLE_RESOURCE_ACCESS_CAMERA = NO;
				ENABLE_RESOURCE_ACCESS_CONTACTS = NO;
				ENABLE_RESOURCE_ACCESS_LOCATION = NO;
				ENABLE_RESOURCE_ACCESS_PRINTING = NO;
				ENABLE_RESOURCE_ACCESS_USB = NO;
				ENABLE_USER_SELECTED_FILES = readonly;
				GENERATE_INFOPLIST_FILE = YES;
				INFOPLIST_FILE = UltimatePortfolio/Configuration/Info.plist;
				"INFOPLIST_KEY_UIApplicationSceneManifest_Generation[sdk=iphoneos*]" = YES;
				"INFOPLIST_KEY_UIApplicationSceneManifest_Generation[sdk=iphonesimulator*]" = YES;
				"INFOPLIST_KEY_UIApplicationSupportsIndirectInputEvents[sdk=iphoneos*]" = YES;
				"INFOPLIST_KEY_UIApplicationSupportsIndirectInputEvents[sdk=iphonesimulator*]" = YES;
				"INFOPLIST_KEY_UILaunchScreen_Generation[sdk=iphoneos*]" = YES;
				"INFOPLIST_KEY_UILaunchScreen_Generation[sdk=iphonesimulator*]" = YES;
				"INFOPLIST_KEY_UIStatusBarStyle[sdk=iphoneos*]" = UIStatusBarStyleDefault;
				"INFOPLIST_KEY_UIStatusBarStyle[sdk=iphonesimulator*]" = UIStatusBarStyleDefault;
				INFOPLIST_KEY_UISupportedInterfaceOrientations_iPad = "UIInterfaceOrientationPortrait UIInterfaceOrientationPortraitUpsideDown UIInterfaceOrientationLandscapeLeft UIInterfaceOrientationLandscapeRight";
				INFOPLIST_KEY_UISupportedInterfaceOrientations_iPhone = "UIInterfaceOrientationPortrait UIInterfaceOrientationLandscapeLeft UIInterfaceOrientationLandscapeRight";
				IPHONEOS_DEPLOYMENT_TARGET = 18.0;
				LD_RUNPATH_SEARCH_PATHS = "@executable_path/Frameworks";
				"LD_RUNPATH_SEARCH_PATHS[sdk=macosx*]" = "@executable_path/../Frameworks";
				MACOSX_DEPLOYMENT_TARGET = 15.5;
				MARKETING_VERSION = 1.0;
				PRODUCT_BUNDLE_IDENTIFIER = software.colorful.UltimatePortfolio;
				PRODUCT_NAME = "$(TARGET_NAME)";
				REGISTER_APP_GROUPS = YES;
				SDKROOT = auto;
				STRING_CATALOG_GENERATE_SYMBOLS = YES;
				SUPPORTED_PLATFORMS = "iphoneos iphonesimulator macosx xros xrsimulator";
				SWIFT_DEFAULT_ACTOR_ISOLATION = MainActor;
				SWIFT_EMIT_LOC_STRINGS = YES;
				SWIFT_UPCOMING_FEATURE_MEMBER_IMPORT_VISIBILITY = YES;
				SWIFT_VERSION = 5.0;
				TARGETED_DEVICE_FAMILY = "1,2,7";
				XROS_DEPLOYMENT_TARGET = 26.0;
			};
			name = Release;
		};
		50FE7DF72E16B9F500D7BF31 /* Debug */ = {
			isa = XCBuildConfiguration;
			buildSettings = {
				ASSETCATALOG_COMPILER_GLOBAL_ACCENT_COLOR_NAME = AccentColor;
				ASSETCATALOG_COMPILER_WIDGET_BACKGROUND_COLOR_NAME = WidgetBackground;
				CODE_SIGN_ENTITLEMENTS = PortfolioWidgetExtension.entitlements;
				CODE_SIGN_STYLE = Automatic;
				CURRENT_PROJECT_VERSION = 1;
				DEVELOPMENT_TEAM = Y8R8J37BJY;
				ENABLE_USER_SCRIPT_SANDBOXING = YES;
				GENERATE_INFOPLIST_FILE = YES;
				INFOPLIST_FILE = PortfolioWidget/Info.plist;
				INFOPLIST_KEY_CFBundleDisplayName = PortfolioWidget;
				INFOPLIST_KEY_NSHumanReadableCopyright = "";
				IPHONEOS_DEPLOYMENT_TARGET = 26.0;
				LD_RUNPATH_SEARCH_PATHS = (
					"$(inherited)",
					"@executable_path/Frameworks",
					"@executable_path/../../Frameworks",
				);
				MARKETING_VERSION = 1.0;
				PRODUCT_BUNDLE_IDENTIFIER = software.colorful.UltimatePortfolio.PortfolioWidget;
				PRODUCT_NAME = "$(TARGET_NAME)";
				SDKROOT = iphoneos;
				SKIP_INSTALL = YES;
				STRING_CATALOG_GENERATE_SYMBOLS = YES;
				SWIFT_EMIT_LOC_STRINGS = YES;
				SWIFT_UPCOMING_FEATURE_MEMBER_IMPORT_VISIBILITY = YES;
				SWIFT_VERSION = 5.0;
				TARGETED_DEVICE_FAMILY = "1,2";
			};
			name = Debug;
		};
		50FE7DF82E16B9F500D7BF31 /* Release */ = {
			isa = XCBuildConfiguration;
			buildSettings = {
				ASSETCATALOG_COMPILER_GLOBAL_ACCENT_COLOR_NAME = AccentColor;
				ASSETCATALOG_COMPILER_WIDGET_BACKGROUND_COLOR_NAME = WidgetBackground;
				CODE_SIGN_ENTITLEMENTS = PortfolioWidgetExtension.entitlements;
				CODE_SIGN_STYLE = Automatic;
				CURRENT_PROJECT_VERSION = 1;
				DEVELOPMENT_TEAM = Y8R8J37BJY;
				ENABLE_USER_SCRIPT_SANDBOXING = YES;
				GENERATE_INFOPLIST_FILE = YES;
				INFOPLIST_FILE = PortfolioWidget/Info.plist;
				INFOPLIST_KEY_CFBundleDisplayName = PortfolioWidget;
				INFOPLIST_KEY_NSHumanReadableCopyright = "";
				IPHONEOS_DEPLOYMENT_TARGET = 26.0;
				LD_RUNPATH_SEARCH_PATHS = (
					"$(inherited)",
					"@executable_path/Frameworks",
					"@executable_path/../../Frameworks",
				);
				MARKETING_VERSION = 1.0;
				PRODUCT_BUNDLE_IDENTIFIER = software.colorful.UltimatePortfolio.PortfolioWidget;
				PRODUCT_NAME = "$(TARGET_NAME)";
				SDKROOT = iphoneos;
				SKIP_INSTALL = YES;
				STRING_CATALOG_GENERATE_SYMBOLS = YES;
				SWIFT_EMIT_LOC_STRINGS = YES;
				SWIFT_UPCOMING_FEATURE_MEMBER_IMPORT_VISIBILITY = YES;
				SWIFT_VERSION = 5.0;
				TARGETED_DEVICE_FAMILY = "1,2";
				VALIDATE_PRODUCT = YES;
			};
			name = Release;
		};
		50FE7E1F2E17267000D7BF31 /* Debug */ = {
			isa = XCBuildConfiguration;
			buildSettings = {
				ASSETCATALOG_COMPILER_GLOBAL_ACCENT_COLOR_NAME = AccentColor;
				ASSETCATALOG_COMPILER_WIDGET_BACKGROUND_COLOR_NAME = WidgetBackground;
				CODE_SIGN_ENTITLEMENTS = PortfolioWidgetMacExtension.entitlements;
				CODE_SIGN_STYLE = Automatic;
				CURRENT_PROJECT_VERSION = 1;
				DEVELOPMENT_TEAM = Y8R8J37BJY;
				ENABLE_APP_SANDBOX = YES;
				ENABLE_HARDENED_RUNTIME = YES;
				ENABLE_USER_SCRIPT_SANDBOXING = YES;
				GENERATE_INFOPLIST_FILE = YES;
				INFOPLIST_FILE = PortfolioWidgetMac/Info.plist;
				INFOPLIST_KEY_CFBundleDisplayName = PortfolioWidgetMac;
				INFOPLIST_KEY_NSHumanReadableCopyright = "";
				LD_RUNPATH_SEARCH_PATHS = (
					"$(inherited)",
					"@executable_path/../Frameworks",
					"@executable_path/../../../../Frameworks",
				);
				MACOSX_DEPLOYMENT_TARGET = 15.5;
				MARKETING_VERSION = 1.0;
				PRODUCT_BUNDLE_IDENTIFIER = software.colorful.UltimatePortfolio.PortfolioWidgetMac;
				PRODUCT_NAME = "$(TARGET_NAME)";
				REGISTER_APP_GROUPS = YES;
				SDKROOT = macosx;
				SKIP_INSTALL = YES;
				STRING_CATALOG_GENERATE_SYMBOLS = YES;
				SWIFT_EMIT_LOC_STRINGS = YES;
				SWIFT_UPCOMING_FEATURE_MEMBER_IMPORT_VISIBILITY = YES;
				SWIFT_VERSION = 5.0;
			};
			name = Debug;
		};
		50FE7E202E17267000D7BF31 /* Release */ = {
			isa = XCBuildConfiguration;
			buildSettings = {
				ASSETCATALOG_COMPILER_GLOBAL_ACCENT_COLOR_NAME = AccentColor;
				ASSETCATALOG_COMPILER_WIDGET_BACKGROUND_COLOR_NAME = WidgetBackground;
				CODE_SIGN_ENTITLEMENTS = PortfolioWidgetMacExtension.entitlements;
				CODE_SIGN_STYLE = Automatic;
				CURRENT_PROJECT_VERSION = 1;
				DEVELOPMENT_TEAM = Y8R8J37BJY;
				ENABLE_APP_SANDBOX = YES;
				ENABLE_HARDENED_RUNTIME = YES;
				ENABLE_USER_SCRIPT_SANDBOXING = YES;
				GENERATE_INFOPLIST_FILE = YES;
				INFOPLIST_FILE = PortfolioWidgetMac/Info.plist;
				INFOPLIST_KEY_CFBundleDisplayName = PortfolioWidgetMac;
				INFOPLIST_KEY_NSHumanReadableCopyright = "";
				LD_RUNPATH_SEARCH_PATHS = (
					"$(inherited)",
					"@executable_path/../Frameworks",
					"@executable_path/../../../../Frameworks",
				);
				MACOSX_DEPLOYMENT_TARGET = 15.5;
				MARKETING_VERSION = 1.0;
				PRODUCT_BUNDLE_IDENTIFIER = software.colorful.UltimatePortfolio.PortfolioWidgetMac;
				PRODUCT_NAME = "$(TARGET_NAME)";
				REGISTER_APP_GROUPS = YES;
				SDKROOT = macosx;
				SKIP_INSTALL = YES;
				STRING_CATALOG_GENERATE_SYMBOLS = YES;
				SWIFT_EMIT_LOC_STRINGS = YES;
				SWIFT_UPCOMING_FEATURE_MEMBER_IMPORT_VISIBILITY = YES;
				SWIFT_VERSION = 5.0;
			};
			name = Release;
		};
/* End XCBuildConfiguration section */

/* Begin XCConfigurationList section */
		5012DA582E17DE31007498F7 /* Build configuration list for PBXNativeTarget "PortfolioWatch Watch App" */ = {
			isa = XCConfigurationList;
			buildConfigurations = (
				5012DA562E17DE31007498F7 /* Debug */,
				5012DA572E17DE31007498F7 /* Release */,
			);
			defaultConfigurationIsVisible = 0;
			defaultConfigurationName = Release;
		};
		50C32F732E13CED5004C9F3F /* Build configuration list for PBXNativeTarget "UltimatePortfolioTests" */ = {
			isa = XCConfigurationList;
			buildConfigurations = (
				50C32F742E13CED5004C9F3F /* Debug */,
				50C32F752E13CED5004C9F3F /* Release */,
			);
			defaultConfigurationIsVisible = 0;
			defaultConfigurationName = Release;
		};
		50C32F9F2E14305E004C9F3F /* Build configuration list for PBXNativeTarget "UltimatePortfolioUITests" */ = {
			isa = XCConfigurationList;
			buildConfigurations = (
				50C32FA02E14305E004C9F3F /* Debug */,
				50C32FA12E14305E004C9F3F /* Release */,
			);
			defaultConfigurationIsVisible = 0;
			defaultConfigurationName = Release;
		};
		50CD40A42E0B2ACC00A17AEF /* Build configuration list for PBXProject "UltimatePortfolio" */ = {
			isa = XCConfigurationList;
			buildConfigurations = (
				50CD40B22E0B2ACE00A17AEF /* Debug */,
				50CD40B32E0B2ACE00A17AEF /* Release */,
			);
			defaultConfigurationIsVisible = 0;
			defaultConfigurationName = Release;
		};
		50CD40B42E0B2ACE00A17AEF /* Build configuration list for PBXNativeTarget "UltimatePortfolio" */ = {
			isa = XCConfigurationList;
			buildConfigurations = (
				50CD40B52E0B2ACE00A17AEF /* Debug */,
				50CD40B62E0B2ACE00A17AEF /* Release */,
			);
			defaultConfigurationIsVisible = 0;
			defaultConfigurationName = Release;
		};
		50FE7DF62E16B9F500D7BF31 /* Build configuration list for PBXNativeTarget "PortfolioWidgetExtension" */ = {
			isa = XCConfigurationList;
			buildConfigurations = (
				50FE7DF72E16B9F500D7BF31 /* Debug */,
				50FE7DF82E16B9F500D7BF31 /* Release */,
			);
			defaultConfigurationIsVisible = 0;
			defaultConfigurationName = Release;
		};
		50FE7E1E2E17267000D7BF31 /* Build configuration list for PBXNativeTarget "PortfolioWidgetMacExtension" */ = {
			isa = XCConfigurationList;
			buildConfigurations = (
				50FE7E1F2E17267000D7BF31 /* Debug */,
				50FE7E202E17267000D7BF31 /* Release */,
			);
			defaultConfigurationIsVisible = 0;
			defaultConfigurationName = Release;
		};
/* End XCConfigurationList section */
	};
	rootObject = 50CD40A12E0B2ACC00A17AEF /* Project object */;
}
